
Microsoft Visual Studio Solution File, Format Version 12.00
# Visual Studio Version 16
VisualStudioVersion = 16.0.31624.102
MinimumVisualStudioVersion = 10.0.40219.1
Project("{9A19103F-16F7-4668-BE54-9A1E7A4F7556}") = "Lab-13", "Lab-13\Lab-13.csproj", "{9100D3CC-F6D0-453F-8488-201D7DC50DD5}"
EndProject
Project("{9A19103F-16F7-4668-BE54-9A1E7A4F7556}") = "Libmas", "Libmas\Libmas.csproj", "{B5B45072-A733-4192-A448-E2A2124A29F1}"
EndProject
Global
	GlobalSection(SolutionConfigurationPlatforms) = preSolution
		Debug|Any CPU = Debug|Any CPU
		Release|Any CPU = Release|Any CPU
	EndGlobalSection
	GlobalSection(ProjectConfigurationPlatforms) = postSolution
		{9100D3CC-F6D0-453F-8488-201D7DC50DD5}.Debug|Any CPU.ActiveCfg = Debug|Any CPU
		{9100D3CC-F6D0-453F-8488-201D7DC50DD5}.Debug|Any CPU.Build.0 = Debug|Any CPU
		{9100D3CC-F6D0-453F-8488-201D7DC50DD5}.Release|Any CPU.ActiveCfg = Release|Any CPU
		{9100D3CC-F6D0-453F-8488-201D7DC50DD5}.Release|Any CPU.Build.0 = Release|Any CPU
		{B5B45072-A733-4192-A448-E2A2124A29F1}.Debug|Any CPU.ActiveCfg = Debug|Any CPU
		{B5B45072-A733-4192-A448-E2A2124A29F1}.Release|Any CPU.ActiveCfg = Release|Any CPU
		{B5B45072-A733-4192-A448-E2A2124A29F1}.Release|Any CPU.Build.0 = Release|Any CPU
	EndGlobalSection
	GlobalSection(SolutionProperties) = preSolution
		HideSolutionNode = FALSE
	EndGlobalSection
	GlobalSection(ExtensibilityGlobals) = postSolution
		SolutionGuid = {9CF539E0-F929-417C-9F50-935CB1640359}
	EndGlobalSection
EndGlobal
